
Microsoft Visual Studio Solution File, Format Version 12.00
# Visual Studio Version 17
VisualStudioVersion = 17.14.36401.2
MinimumVisualStudioVersion = 10.0.40219.1
Project("{FAE04EC0-301F-11D3-BF4B-00C04F79EFBC}") = "Api.Tests", "Api.Tests.csproj", "{B8C89ECD-93E0-8D35-81A0-A12BF2E5FE78}"
EndProject
Project("{FAE04EC0-301F-11D3-BF4B-00C04F79EFBC}") = "SabidosAPI-Core", "..\SabidosAPI-Core\SabidosAPI-Core.csproj", "{6EF64668-F689-16E6-CA79-1843EB772989}"
EndProject
Global
	GlobalSection(SolutionConfigurationPlatforms) = preSolution
		Debug|Any CPU = Debug|Any CPU
		Release|Any CPU = Release|Any CPU
	EndGlobalSection
	GlobalSection(ProjectConfigurationPlatforms) = postSolution
		{B8C89ECD-93E0-8D35-81A0-A12BF2E5FE78}.Debug|Any CPU.ActiveCfg = Debug|Any CPU
		{B8C89ECD-93E0-8D35-81A0-A12BF2E5FE78}.Debug|Any CPU.Build.0 = Debug|Any CPU
		{B8C89ECD-93E0-8D35-81A0-A12BF2E5FE78}.Release|Any CPU.ActiveCfg = Release|Any CPU
		{B8C89ECD-93E0-8D35-81A0-A12BF2E5FE78}.Release|Any CPU.Build.0 = Release|Any CPU
		{6EF64668-F689-16E6-CA79-1843EB772989}.Debug|Any CPU.ActiveCfg = Debug|Any CPU
		{6EF64668-F689-16E6-CA79-1843EB772989}.Debug|Any CPU.Build.0 = Debug|Any CPU
		{6EF64668-F689-16E6-CA79-1843EB772989}.Release|Any CPU.ActiveCfg = Release|Any CPU
		{6EF64668-F689-16E6-CA79-1843EB772989}.Release|Any CPU.Build.0 = Release|Any CPU
	EndGlobalSection
	GlobalSection(SolutionProperties) = preSolution
		HideSolutionNode = FALSE
	EndGlobalSection
	GlobalSection(ExtensibilityGlobals) = postSolution
		SolutionGuid = {BD0EBD1C-CC96-4A9F-A419-3C50C725E381}
	EndGlobalSection
EndGlobal
